// !$*UTF8*$!
{
	archiveVersion = 1;
	classes = {
	};
	objectVersion = 56;
	objects = {

/* Begin PBXBuildFile section */
		67299EEA2B41ECF300BEFEF4 /* ListViewController.swift in Sources */ = {isa = PBXBuildFile; fileRef = 67299EE92B41ECF300BEFEF4 /* ListViewController.swift */; };
		67E87FC82B40998F00F222D9 /* AppDelegate.swift in Sources */ = {isa = PBXBuildFile; fileRef = 67E87FC72B40998F00F222D9 /* AppDelegate.swift */; };
		67E87FCA2B40998F00F222D9 /* SceneDelegate.swift in Sources */ = {isa = PBXBuildFile; fileRef = 67E87FC92B40998F00F222D9 /* SceneDelegate.swift */; };
		67E87FCC2B40998F00F222D9 /* ViewController.swift in Sources */ = {isa = PBXBuildFile; fileRef = 67E87FCB2B40998F00F222D9 /* ViewController.swift */; };
		67E87FCF2B40998F00F222D9 /* Main.storyboard in Resources */ = {isa = PBXBuildFile; fileRef = 67E87FCD2B40998F00F222D9 /* Main.storyboard */; };
		67E87FD22B40998F00F222D9 /* BirthdayRememberApp.xcdatamodeld in Sources */ = {isa = PBXBuildFile; fileRef = 67E87FD02B40998F00F222D9 /* BirthdayRememberApp.xcdatamodeld */; };
		67E87FD42B40999200F222D9 /* Assets.xcassets in Resources */ = {isa = PBXBuildFile; fileRef = 67E87FD32B40999200F222D9 /* Assets.xcassets */; };
		67E87FD72B40999200F222D9 /* LaunchScreen.storyboard in Resources */ = {isa = PBXBuildFile; fileRef = 67E87FD52B40999200F222D9 /* LaunchScreen.storyboard */; };
/* End PBXBuildFile section */

/* Begin PBXFileReference section */
		67299EE92B41ECF300BEFEF4 /* ListViewController.swift */ = {isa = PBXFileReference; lastKnownFileType = sourcecode.swift; path = ListViewController.swift; sourceTree = "<group>"; };
		67E87FC42B40998F00F222D9 /* BirthdayRememberApp.app */ = {isa = PBXFileReference; explicitFileType = wrapper.application; includeInIndex = 0; path = BirthdayRememberApp.app; sourceTree = BUILT_PRODUCTS_DIR; };
		67E87FC72B40998F00F222D9 /* AppDelegate.swift */ = {isa = PBXFileReference; lastKnownFileType = sourcecode.swift; path = AppDelegate.swift; sourceTree = "<group>"; };
		67E87FC92B40998F00F222D9 /* SceneDelegate.swift */ = {isa = PBXFileReference; lastKnownFileType = sourcecode.swift; path = SceneDelegate.swift; sourceTree = "<group>"; };
		67E87FCB2B40998F00F222D9 /* ViewController.swift */ = {isa = PBXFileReference; lastKnownFileType = sourcecode.swift; path = ViewController.swift; sourceTree = "<group>"; };
		67E87FCE2B40998F00F222D9 /* Base */ = {isa = PBXFileReference; lastKnownFileType = file.storyboard; name = Base; path = Base.lproj/Main.storyboard; sourceTree = "<group>"; };
		67E87FD12B40998F00F222D9 /* BirthdayRememberApp.xcdatamodel */ = {isa = PBXFileReference; lastKnownFileType = wrapper.xcdatamodel; path = BirthdayRememberApp.xcdatamodel; sourceTree = "<group>"; };
		67E87FD32B40999200F222D9 /* Assets.xcassets */ = {isa = PBXFileReference; lastKnownFileType = folder.assetcatalog; path = Assets.xcassets; sourceTree = "<group>"; };
		67E87FD62B40999200F222D9 /* Base */ = {isa = PBXFileReference; lastKnownFileType = file.storyboard; name = Base; path = Base.lproj/LaunchScreen.storyboard; sourceTree = "<group>"; };
		67E87FD82B40999200F222D9 /* Info.plist */ = {isa = PBXFileReference; lastKnownFileType = text.plist.xml; path = Info.plist; sourceTree = "<group>"; };
/* End PBXFileReference section */

/* Begin PBXFrameworksBuildPhase section */
		67E87FC12B40998F00F222D9 /* Frameworks */ = {
			isa = PBXFrameworksBuildPhase;
			buildActionMask = 2147483647;
			files = (
			);
			runOnlyForDeploymentPostprocessing = 0;
		};
/* End PBXFrameworksBuildPhase section */

/* Begin PBXGroup section */
		67E87FBB2B40998F00F222D9 = {
			isa = PBXGroup;
			children = (
				67E87FC62B40998F00F222D9 /* BirthdayRememberApp */,
				67E87FC52B40998F00F222D9 /* Products */,
			);
			sourceTree = "<group>";
		};
		67E87FC52B40998F00F222D9 /* Products */ = {
			isa = PBXGroup;
			children = (
				67E87FC42B40998F00F222D9 /* BirthdayRememberApp.app */,
			);
			name = Products;
			sourceTree = "<group>";
		};
		67E87FC62B40998F00F222D9 /* BirthdayRememberApp */ = {
			isa = PBXGroup;
			children = (
				67E87FC72B40998F00F222D9 /* AppDelegate.swift */,
				67E87FC92B40998F00F222D9 /* SceneDelegate.swift */,
				67299EE92B41ECF300BEFEF4 /* ListViewController.swift */,
				67E87FCB2B40998F00F222D9 /* ViewController.swift */,
				67E87FCD2B40998F00F222D9 /* Main.storyboard */,
				67E87FD32B40999200F222D9 /* Assets.xcassets */,
				67E87FD52B40999200F222D9 /* LaunchScreen.storyboard */,
				67E87FD82B40999200F222D9 /* Info.plist */,
				67E87FD02B40998F00F222D9 /* BirthdayRememberApp.xcdatamodeld */,
			);
			path = BirthdayRememberApp;
			sourceTree = "<group>";
		};
/* End PBXGroup section */

/* Begin PBXNativeTarget section */
		67E87FC32B40998F00F222D9 /* BirthdayRememberApp */ = {
			isa = PBXNativeTarget;
			buildConfigurationList = 67E87FDB2B40999200F222D9 /* Build configuration list for PBXNativeTarget "BirthdayRememberApp" */;
			buildPhases = (
				67E87FC02B40998F00F222D9 /* Sources */,
				67E87FC12B40998F00F222D9 /* Frameworks */,
				67E87FC22B40998F00F222D9 /* Resources */,
			);
			buildRules = (
			);
			dependencies = (
			);
			name = BirthdayRememberApp;
			productName = BirthdayRememberApp;
			productReference = 67E87FC42B40998F00F222D9 /* BirthdayRememberApp.app */;
			productType = "com.apple.product-type.application";
		};
/* End PBXNativeTarget section */

/* Begin PBXProject section */
		67E87FBC2B40998F00F222D9 /* Project object */ = {
			isa = PBXProject;
			attributes = {
				BuildIndependentTargetsInParallel = 1;
				LastSwiftUpdateCheck = 1510;
				LastUpgradeCheck = 1510;
				TargetAttributes = {
					67E87FC32B40998F00F222D9 = {
						CreatedOnToolsVersion = 15.1;
					};
				};
			};
			buildConfigurationList = 67E87FBF2B40998F00F222D9 /* Build configuration list for PBXProject "BirthdayRememberApp" */;
			compatibilityVersion = "Xcode 14.0";
			developmentRegion = en;
			hasScannedForEncodings = 0;
			knownRegions = (
				en,
				Base,
			);
			mainGroup = 67E87FBB2B40998F00F222D9;
			productRefGroup = 67E87FC52B40998F00F222D9 /* Products */;
			projectDirPath = "";
			projectRoot = "";
			targets = (
				67E87FC32B40998F00F222D9 /* BirthdayRememberApp */,
			);
		};
/* End PBXProject section */

/* Begin PBXResourcesBuildPhase section */
		67E87FC22B40998F00F222D9 /* Resources */ = {
			isa = PBXResourcesBuildPhase;
			buildActionMask = 2147483647;
			files = (
				67E87FD72B40999200F222D9 /* LaunchScreen.storyboard in Resources */,
				67E87FD42B40999200F222D9 /* Assets.xcassets in Resources */,
				67E87FCF2B40998F00F222D9 /* Main.storyboard in Resources */,
			);
			runOnlyForDeploymentPostprocessing = 0;
		};
/* End PBXResourcesBuildPhase section */

/* Begin PBXSourcesBuildPhase section */
		67E87FC02B40998F00F222D9 /* Sources */ = {
			isa = PBXSourcesBuildPhase;
			buildActionMask = 2147483647;
			files = (
				67E87FCC2B40998F00F222D9 /* ViewController.swift in Sources */,
				67E87FC82B40998F00F222D9 /* AppDelegate.swift in Sources */,
				67E87FD22B40998F00F222D9 /* BirthdayRememberApp.xcdatamodeld in Sources */,
				67299EEA2B41ECF300BEFEF4 /* ListViewController.swift in Sources */,
				67E87FCA2B40998F00F222D9 /* SceneDelegate.swift in Sources */,
			);
			runOnlyForDeploymentPostprocessing = 0;
		};
/* End PBXSourcesBuildPhase section */

/* Begin PBXVariantGroup section */
		67E87FCD2B40998F00F222D9 /* Main.storyboard */ = {
			isa = PBXVariantGroup;
			children = (
				67E87FCE2B40998F00F222D9 /* Base */,
			);
			name = Main.storyboard;
			sourceTree = "<group>";
		};
		67E87FD52B40999200F222D9 /* LaunchScreen.storyboard */ = {
			isa = PBXVariantGroup;
			children = (
				67E87FD62B40999200F222D9 /* Base */,
			);
			name = LaunchScreen.storyboard;
			sourceTree = "<group>";
		};
/* End PBXVariantGroup section */

/* Begin XCBuildConfiguration section */
		67E87FD92B40999200F222D9 /* Debug */ = {
			isa = XCBuildConfiguration;
			buildSettings = {
				ALWAYS_SEARCH_USER_PATHS = NO;
				ASSETCATALOG_COMPILER_GENERATE_SWIFT_ASSET_SYMBOL_EXTENSIONS = YES;
				CLANG_ANALYZER_NONNULL = YES;
				CLANG_ANALYZER_NUMBER_OBJECT_CONVERSION = YES_AGGRESSIVE;
				CLANG_CXX_LANGUAGE_STANDARD = "gnu++20";
				CLANG_ENABLE_MODULES = YES;
				CLANG_ENABLE_OBJC_ARC = YES;
				CLANG_ENABLE_OBJC_WEAK = YES;
				CLANG_WARN_BLOCK_CAPTURE_AUTORELEASING = YES;
				CLANG_WARN_BOOL_CONVERSION = YES;
				CLANG_WARN_COMMA = YES;
				CLANG_WARN_CONSTANT_CONVERSION = YES;
				CLANG_WARN_DEPRECATED_OBJC_IMPLEMENTATIONS = YES;
				CLANG_WARN_DIRECT_OBJC_ISA_USAGE = YES_ERROR;
				CLANG_WARN_DOCUMENTATION_COMMENTS = YES;
				CLANG_WARN_EMPTY_BODY = YES;
				CLANG_WARN_ENUM_CONVERSION = YES;
				CLANG_WARN_INFINITE_RECURSION = YES;
				CLANG_WARN_INT_CONVERSION = YES;
				CLANG_WARN_NON_LITERAL_NULL_CONVERSION = YES;
				CLANG_WARN_OBJC_IMPLICIT_RETAIN_SELF = YES;
				CLANG_WARN_OBJC_LITERAL_CONVERSION = YES;
				CLANG_WARN_OBJC_ROOT_CLASS = YES_ERROR;
				CLANG_WARN_QUOTED_INCLUDE_IN_FRAMEWORK_HEADER = YES;
				CLANG_WARN_RANGE_LOOP_ANALYSIS = YES;
				CLANG_WARN_STRICT_PROTOTYPES = YES;
				CLANG_WARN_SUSPICIOUS_MOVE = YES;
				CLANG_WARN_UNGUARDED_AVAILABILITY = YES_AGGRESSIVE;
				CLANG_WARN_UNREACHABLE_CODE = YES;
				CLANG_WARN__DUPLICATE_METHOD_MATCH = YES;
				COPY_PHASE_STRIP = NO;
				DEBUG_INFORMATION_FORMAT = dwarf;
				ENABLE_STRICT_OBJC_MSGSEND = YES;
				ENABLE_TESTABILITY = YES;
				ENABLE_USER_SCRIPT_SANDBOXING = YES;
				GCC_C_LANGUAGE_STANDARD = gnu17;
				GCC_DYNAMIC_NO_PIC = NO;
				GCC_NO_COMMON_BLOCKS = YES;
				GCC_OPTIMIZATION_LEVEL = 0;
				GCC_PREPROCESSOR_DEFINITIONS = (
					"DEBUG=1",
					"$(inherited)",
				);
				GCC_WARN_64_TO_32_BIT_CONVERSION = YES;
				GCC_WARN_ABOUT_RETURN_TYPE = YES_ERROR;
				GCC_WARN_UNDECLARED_SELECTOR = YES;
				GCC_WARN_UNINITIALIZED_AUTOS = YES_AGGRESSIVE;
				GCC_WARN_UNUSED_FUNCTION = YES;
				GCC_WARN_UNUSED_VARIABLE = YES;
				IPHONEOS_DEPLOYMENT_TARGET = 17.2;
				LOCALIZATION_PREFERS_STRING_CATALOGS = YES;
				MTL_ENABLE_DEBUG_INFO = INCLUDE_SOURCE;
				MTL_FAST_MATH = YES;
				ONLY_ACTIVE_ARCH = YES;
				SDKROOT = iphoneos;
				SWIFT_ACTIVE_COMPILATION_CONDITIONS = "DEBUG $(inherited)";
				SWIFT_OPTIMIZATION_LEVEL = "-Onone";
			};
			name = Debug;
		};
		67E87FDA2B40999200F222D9 /* Release */ = {
			isa = XCBuildConfiguration;
			buildSettings = {
				ALWAYS_SEARCH_USER_PATHS = NO;
				ASSETCATALOG_COMPILER_GENERATE_SWIFT_ASSET_SYMBOL_EXTENSIONS = YES;
				CLANG_ANALYZER_NONNULL = YES;
				CLANG_ANALYZER_NUMBER_OBJECT_CONVERSION = YES_AGGRESSIVE;
				CLANG_CXX_LANGUAGE_STANDARD = "gnu++20";
				CLANG_ENABLE_MODULES = YES;
				CLANG_ENABLE_OBJC_ARC = YES;
				CLANG_ENABLE_OBJC_WEAK = YES;
				CLANG_WARN_BLOCK_CAPTURE_AUTORELEASING = YES;
				CLANG_WARN_BOOL_CONVERSION = YES;
				CLANG_WARN_COMMA = YES;
				CLANG_WARN_CONSTANT_CONVERSION = YES;
				CLANG_WARN_DEPRECATED_OBJC_IMPLEMENTATIONS = YES;
				CLANG_WARN_DIRECT_OBJC_ISA_USAGE = YES_ERROR;
				CLANG_WARN_DOCUMENTATION_COMMENTS = YES;
				CLANG_WARN_EMPTY_BODY = YES;
				CLANG_WARN_ENUM_CONVERSION = YES;
				CLANG_WARN_INFINITE_RECURSION = YES;
				CLANG_WARN_INT_CONVERSION = YES;
				CLANG_WARN_NON_LITERAL_NULL_CONVERSION = YES;
				CLANG_WARN_OBJC_IMPLICIT_RETAIN_SELF = YES;
				CLANG_WARN_OBJC_LITERAL_CONVERSION = YES;
				CLANG_WARN_OBJC_ROOT_CLASS = YES_ERROR;
				CLANG_WARN_QUOTED_INCLUDE_IN_FRAMEWORK_HEADER = YES;
				CLANG_WARN_RANGE_LOOP_ANALYSIS = YES;
				CLANG_WARN_STRICT_PROTOTYPES = YES;
				CLANG_WARN_SUSPICIOUS_MOVE = YES;
				CLANG_WARN_UNGUARDED_AVAILABILITY = YES_AGGRESSIVE;
				CLANG_WARN_UNREACHABLE_CODE = YES;
				CLANG_WARN__DUPLICATE_METHOD_MATCH = YES;
				COPY_PHASE_STRIP = NO;
				DEBUG_INFORMATION_FORMAT = "dwarf-with-dsym";
				ENABLE_NS_ASSERTIONS = NO;
				ENABLE_STRICT_OBJC_MSGSEND = YES;
				ENABLE_USER_SCRIPT_SANDBOXING = YES;
				GCC_C_LANGUAGE_STANDARD = gnu17;
				GCC_NO_COMMON_BLOCKS = YES;
				GCC_WARN_64_TO_32_BIT_CONVERSION = YES;
				GCC_WARN_ABOUT_RETURN_TYPE = YES_ERROR;
				GCC_WARN_UNDECLARED_SELECTOR = YES;
				GCC_WARN_UNINITIALIZED_AUTOS = YES_AGGRESSIVE;
				GCC_WARN_UNUSED_FUNCTION = YES;
				GCC_WARN_UNUSED_VARIABLE = YES;
				IPHONEOS_DEPLOYMENT_TARGET = 17.2;
				LOCALIZATION_PREFERS_STRING_CATALOGS = YES;
				MTL_ENABLE_DEBUG_INFO = NO;
				MTL_FAST_MATH = YES;
				SDKROOT = iphoneos;
				SWIFT_COMPILATION_MODE = wholemodule;
				VALIDATE_PRODUCT = YES;
			};
			name = Release;
		};
		67E87FDC2B40999200F222D9 /* Debug */ = {
			isa = XCBuildConfiguration;
			buildSettings = {
				ASSETCATALOG_COMPILER_APPICON_NAME = AppIcon;
				ASSETCATALOG_COMPILER_GLOBAL_ACCENT_COLOR_NAME = AccentColor;
				CODE_SIGN_STYLE = Automatic;
				CURRENT_PROJECT_VERSION = 1;
				DEVELOPMENT_TEAM = SFMNJ5ZUJ7;
				GENERATE_INFOPLIST_FILE = YES;
				INFOPLIST_FILE = BirthdayRememberApp/Info.plist;
				INFOPLIST_KEY_UIApplicationSupportsIndirectInputEvents = YES;
				INFOPLIST_KEY_UILaunchStoryboardName = LaunchScreen;
				INFOPLIST_KEY_UIMainStoryboardFile = Main;
				INFOPLIST_KEY_UISupportedInterfaceOrientations_iPad = "UIInterfaceOrientationPortrait UIInterfaceOrientationPortraitUpsideDown UIInterfaceOrientationLandscapeLeft UIInterfaceOrientationLandscapeRight";
				INFOPLIST_KEY_UISupportedInterfaceOrientations_iPhone = "UIInterfaceOrientationPortrait UIInterfaceOrientationLandscapeLeft UIInterfaceOrientationLandscapeRight";
				LD_RUNPATH_SEARCH_PATHS = (
					"$(inherited)",
					"@executable_path/Frameworks",
				);
				MARKETING_VERSION = 1.0;
				PRODUCT_BUNDLE_IDENTIFIER = com.burakyildiz.BirthdayRememberApp;
				PRODUCT_NAME = "$(TARGET_NAME)";
				SWIFT_EMIT_LOC_STRINGS = YES;
				SWIFT_VERSION = 5.0;
				TARGETED_DEVICE_FAMILY = "1,2";
			};
			name = Debug;
		};
		67E87FDD2B40999200F222D9 /* Release */ = {
			isa = XCBuildConfiguration;
			buildSettings = {
				ASSETCATALOG_COMPILER_APPICON_NAME = AppIcon;
				ASSETCATALOG_COMPILER_GLOBAL_ACCENT_COLOR_NAME = AccentColor;
				CODE_SIGN_STYLE = Automatic;
				CURRENT_PROJECT_VERSION = 1;
				DEVELOPMENT_TEAM = SFMNJ5ZUJ7;
				GENERATE_INFOPLIST_FILE = YES;
				INFOPLIST_FILE = BirthdayRememberApp/Info.plist;
				INFOPLIST_KEY_UIApplicationSupportsIndirectInputEvents = YES;
				INFOPLIST_KEY_UILaunchStoryboardName = LaunchScreen;
				INFOPLIST_KEY_UIMainStoryboardFile = Main;
				INFOPLIST_KEY_UISupportedInterfaceOrientations_iPad = "UIInterfaceOrientationPortrait UIInterfaceOrientationPortraitUpsideDown UIInterfaceOrientationLandscapeLeft UIInterfaceOrientationLandscapeRight";
				INFOPLIST_KEY_UISupportedInterfaceOrientations_iPhone = "UIInterfaceOrientationPortrait UIInterfaceOrientationLandscapeLeft UIInterfaceOrientationLandscapeRight";
				LD_RUNPATH_SEARCH_PATHS = (
					"$(inherited)",
					"@executable_path/Frameworks",
				);
				MARKETING_VERSION = 1.0;
				PRODUCT_BUNDLE_IDENTIFIER = com.burakyildiz.BirthdayRememberApp;
				PRODUCT_NAME = "$(TARGET_NAME)";
				SWIFT_EMIT_LOC_STRINGS = YES;
				SWIFT_VERSION = 5.0;
				TARGETED_DEVICE_FAMILY = "1,2";
			};
			name = Release;
		};
/* End XCBuildConfiguration section */

/* Begin XCConfigurationList section */
		67E87FBF2B40998F00F222D9 /* Build configuration list for PBXProject "BirthdayRememberApp" */ = {
			isa = XCConfigurationList;
			buildConfigurations = (
				67E87FD92B40999200F222D9 /* Debug */,
				67E87FDA2B40999200F222D9 /* Release */,
			);
			defaultConfigurationIsVisible = 0;
			defaultConfigurationName = Release;
		};
		67E87FDB2B40999200F222D9 /* Build configuration list for PBXNativeTarget "BirthdayRememberApp" */ = {
			isa = XCConfigurationList;
			buildConfigurations = (
				67E87FDC2B40999200F222D9 /* Debug */,
				67E87FDD2B40999200F222D9 /* Release */,
			);
			defaultConfigurationIsVisible = 0;
			defaultConfigurationName = Release;
		};
/* End XCConfigurationList section */

/* Begin XCVersionGroup section */
		67E87FD02B40998F00F222D9 /* BirthdayRememberApp.xcdatamodeld */ = {
			isa = XCVersionGroup;
			children = (
				67E87FD12B40998F00F222D9 /* BirthdayRememberApp.xcdatamodel */,
			);
			currentVersion = 67E87FD12B40998F00F222D9 /* BirthdayRememberApp.xcdatamodel */;
			path = BirthdayRememberApp.xcdatamodeld;
			sourceTree = "<group>";
			versionGroupType = wrapper.xcdatamodel;
		};
/* End XCVersionGroup section */
	};
	rootObject = 67E87FBC2B40998F00F222D9 /* Project object */;
}
